
Microsoft Visual Studio Solution File, Format Version 12.00
# Visual Studio Version 17
VisualStudioVersion = 17.6.33829.357
MinimumVisualStudioVersion = 10.0.40219.1
Project("{9A19103F-16F7-4668-BE54-9A1E7A4F7556}") = "Kraken.Api", "src\Kraken.Api\Kraken.Api.csproj", "{647562F9-F192-4363-94D8-4CF61BAE5674}"
EndProject
Project("{9A19103F-16F7-4668-BE54-9A1E7A4F7556}") = "Kraken.Aplicacao", "src\Kraken.Aplicacao\Kraken.Aplicacao.csproj", "{A794736A-0FBB-4484-B56F-C4FC055E7D74}"
EndProject
Project("{FAE04EC0-301F-11D3-BF4B-00C04F79EFBC}") = "Kraken.Dominio", "src\Kraken.Dominio\Kraken.Dominio.csproj", "{C66E5E24-7F53-4BBF-BE74-A1FFA95E1661}"
EndProject
Project("{FAE04EC0-301F-11D3-BF4B-00C04F79EFBC}") = "Kraken.InfraEstrutura", "src\Kraken.InfraEstrutura\Kraken.InfraEstrutura.csproj", "{D82036CE-6047-4581-A1F8-BD239E0867F8}"
EndProject
Project("{FAE04EC0-301F-11D3-BF4B-00C04F79EFBC}") = "Kraken.CrossCutting", "src\Kraken.CrossCutting\Kraken.CrossCutting.csproj", "{5D3DB90E-F11D-4EA1-809D-B6CB6D3D71F4}"
EndProject
Global
	GlobalSection(SolutionConfigurationPlatforms) = preSolution
		Debug|Any CPU = Debug|Any CPU
		Release|Any CPU = Release|Any CPU
	EndGlobalSection
	GlobalSection(ProjectConfigurationPlatforms) = postSolution
		{647562F9-F192-4363-94D8-4CF61BAE5674}.Debug|Any CPU.ActiveCfg = Debug|Any CPU
		{647562F9-F192-4363-94D8-4CF61BAE5674}.Debug|Any CPU.Build.0 = Debug|Any CPU
		{647562F9-F192-4363-94D8-4CF61BAE5674}.Release|Any CPU.ActiveCfg = Release|Any CPU
		{647562F9-F192-4363-94D8-4CF61BAE5674}.Release|Any CPU.Build.0 = Release|Any CPU
		{A794736A-0FBB-4484-B56F-C4FC055E7D74}.Debug|Any CPU.ActiveCfg = Debug|Any CPU
		{A794736A-0FBB-4484-B56F-C4FC055E7D74}.Debug|Any CPU.Build.0 = Debug|Any CPU
		{A794736A-0FBB-4484-B56F-C4FC055E7D74}.Release|Any CPU.ActiveCfg = Release|Any CPU
		{A794736A-0FBB-4484-B56F-C4FC055E7D74}.Release|Any CPU.Build.0 = Release|Any CPU
		{C66E5E24-7F53-4BBF-BE74-A1FFA95E1661}.Debug|Any CPU.ActiveCfg = Debug|Any CPU
		{C66E5E24-7F53-4BBF-BE74-A1FFA95E1661}.Debug|Any CPU.Build.0 = Debug|Any CPU
		{C66E5E24-7F53-4BBF-BE74-A1FFA95E1661}.Release|Any CPU.ActiveCfg = Release|Any CPU
		{C66E5E24-7F53-4BBF-BE74-A1FFA95E1661}.Release|Any CPU.Build.0 = Release|Any CPU
		{D82036CE-6047-4581-A1F8-BD239E0867F8}.Debug|Any CPU.ActiveCfg = Debug|Any CPU
		{D82036CE-6047-4581-A1F8-BD239E0867F8}.Debug|Any CPU.Build.0 = Debug|Any CPU
		{D82036CE-6047-4581-A1F8-BD239E0867F8}.Release|Any CPU.ActiveCfg = Release|Any CPU
		{D82036CE-6047-4581-A1F8-BD239E0867F8}.Release|Any CPU.Build.0 = Release|Any CPU
		{5D3DB90E-F11D-4EA1-809D-B6CB6D3D71F4}.Debug|Any CPU.ActiveCfg = Debug|Any CPU
		{5D3DB90E-F11D-4EA1-809D-B6CB6D3D71F4}.Debug|Any CPU.Build.0 = Debug|Any CPU
		{5D3DB90E-F11D-4EA1-809D-B6CB6D3D71F4}.Release|Any CPU.ActiveCfg = Release|Any CPU
		{5D3DB90E-F11D-4EA1-809D-B6CB6D3D71F4}.Release|Any CPU.Build.0 = Release|Any CPU
	EndGlobalSection
	GlobalSection(SolutionProperties) = preSolution
		HideSolutionNode = FALSE
	EndGlobalSection
	GlobalSection(ExtensibilityGlobals) = postSolution
		SolutionGuid = {6592A091-A6E8-4880-BA39-32FBCEA60072}
	EndGlobalSection
EndGlobal
